
Microsoft Visual Studio Solution File, Format Version 12.00
# Visual Studio Version 17
VisualStudioVersion = 17.13.35806.99 d17.13
MinimumVisualStudioVersion = 10.0.40219.1
Project("{FAE04EC0-301F-11D3-BF4B-00C04F79EFBC}") = "TopicManager", "TopicManager\TopicManager.csproj", "{185D00DB-1147-4534-87BF-CF628253BE31}"
EndProject
Global
	GlobalSection(SolutionConfigurationPlatforms) = preSolution
		Debug|Any CPU = Debug|Any CPU
		Release|Any CPU = Release|Any CPU
	EndGlobalSection
	GlobalSection(ProjectConfigurationPlatforms) = postSolution
		{185D00DB-1147-4534-87BF-CF628253BE31}.Debug|Any CPU.ActiveCfg = Debug|Any CPU
		{185D00DB-1147-4534-87BF-CF628253BE31}.Debug|Any CPU.Build.0 = Debug|Any CPU
		{185D00DB-1147-4534-87BF-CF628253BE31}.Release|Any CPU.ActiveCfg = Release|Any CPU
		{185D00DB-1147-4534-87BF-CF628253BE31}.Release|Any CPU.Build.0 = Release|Any CPU
	EndGlobalSection
	GlobalSection(SolutionProperties) = preSolution
		HideSolutionNode = FALSE
	EndGlobalSection
	GlobalSection(ExtensibilityGlobals) = postSolution
		SolutionGuid = {0FAC2B58-F39E-4842-892C-79BFCBBCD701}
	EndGlobalSection
EndGlobal
